// !$*UTF8*$!
{
	archiveVersion = 1;
	classes = {
	};
	objectVersion = 46;
	objects = {

/* Begin PBXBuildFile section */
		1097B0431A71982C00B75EAA /* AppDelegate.swift in Sources */ = {isa = PBXBuildFile; fileRef = 1097B0421A71982C00B75EAA /* AppDelegate.swift */; };
		1097B0451A71982C00B75EAA /* ViewController.swift in Sources */ = {isa = PBXBuildFile; fileRef = 1097B0441A71982C00B75EAA /* ViewController.swift */; };
		1097B0481A71982C00B75EAA /* Main.storyboard in Resources */ = {isa = PBXBuildFile; fileRef = 1097B0461A71982C00B75EAA /* Main.storyboard */; };
		1097B04A1A71982C00B75EAA /* Images.xcassets in Resources */ = {isa = PBXBuildFile; fileRef = 1097B0491A71982C00B75EAA /* Images.xcassets */; };
		1097B04D1A71982C00B75EAA /* LaunchScreen.xib in Resources */ = {isa = PBXBuildFile; fileRef = 1097B04B1A71982C00B75EAA /* LaunchScreen.xib */; };
		1097B0591A71982C00B75EAA /* DrawingTests.swift in Sources */ = {isa = PBXBuildFile; fileRef = 1097B0581A71982C00B75EAA /* DrawingTests.swift */; };
		1097B0631A72988100B75EAA /* DrawableView.swift in Sources */ = {isa = PBXBuildFile; fileRef = 1097B0621A72988000B75EAA /* DrawableView.swift */; };
/* End PBXBuildFile section */

/* Begin PBXContainerItemProxy section */
		1097B0531A71982C00B75EAA /* PBXContainerItemProxy */ = {
			isa = PBXContainerItemProxy;
			containerPortal = 1097B0351A71982C00B75EAA /* Project object */;
			proxyType = 1;
			remoteGlobalIDString = 1097B03C1A71982C00B75EAA;
			remoteInfo = Drawing;
		};
/* End PBXContainerItemProxy section */

/* Begin PBXFileReference section */
		1097B03D1A71982C00B75EAA /* Drawing.app */ = {isa = PBXFileReference; explicitFileType = wrapper.application; includeInIndex = 0; path = Drawing.app; sourceTree = BUILT_PRODUCTS_DIR; };
		1097B0411A71982C00B75EAA /* Info.plist */ = {isa = PBXFileReference; lastKnownFileType = text.plist.xml; path = Info.plist; sourceTree = "<group>"; };
		1097B0421A71982C00B75EAA /* AppDelegate.swift */ = {isa = PBXFileReference; lastKnownFileType = sourcecode.swift; path = AppDelegate.swift; sourceTree = "<group>"; };
		1097B0441A71982C00B75EAA /* ViewController.swift */ = {isa = PBXFileReference; lastKnownFileType = sourcecode.swift; path = ViewController.swift; sourceTree = "<group>"; };
		1097B0471A71982C00B75EAA /* Base */ = {isa = PBXFileReference; lastKnownFileType = file.storyboard; name = Base; path = Base.lproj/Main.storyboard; sourceTree = "<group>"; };
		1097B0491A71982C00B75EAA /* Images.xcassets */ = {isa = PBXFileReference; lastKnownFileType = folder.assetcatalog; path = Images.xcassets; sourceTree = "<group>"; };
		1097B04C1A71982C00B75EAA /* Base */ = {isa = PBXFileReference; lastKnownFileType = file.xib; name = Base; path = Base.lproj/LaunchScreen.xib; sourceTree = "<group>"; };
		1097B0521A71982C00B75EAA /* DrawingTests.xctest */ = {isa = PBXFileReference; explicitFileType = wrapper.cfbundle; includeInIndex = 0; path = DrawingTests.xctest; sourceTree = BUILT_PRODUCTS_DIR; };
		1097B0571A71982C00B75EAA /* Info.plist */ = {isa = PBXFileReference; lastKnownFileType = text.plist.xml; path = Info.plist; sourceTree = "<group>"; };
		1097B0581A71982C00B75EAA /* DrawingTests.swift */ = {isa = PBXFileReference; lastKnownFileType = sourcecode.swift; path = DrawingTests.swift; sourceTree = "<group>"; };
		1097B0621A72988000B75EAA /* DrawableView.swift */ = {isa = PBXFileReference; fileEncoding = 4; lastKnownFileType = sourcecode.swift; path = DrawableView.swift; sourceTree = "<group>"; };
/* End PBXFileReference section */

/* Begin PBXFrameworksBuildPhase section */
		1097B03A1A71982C00B75EAA /* Frameworks */ = {
			isa = PBXFrameworksBuildPhase;
			buildActionMask = 2147483647;
			files = (
			);
			runOnlyForDeploymentPostprocessing = 0;
		};
		1097B04F1A71982C00B75EAA /* Frameworks */ = {
			isa = PBXFrameworksBuildPhase;
			buildActionMask = 2147483647;
			files = (
			);
			runOnlyForDeploymentPostprocessing = 0;
		};
/* End PBXFrameworksBuildPhase section */

/* Begin PBXGroup section */
		1097B0341A71982B00B75EAA = {
			isa = PBXGroup;
			children = (
				1097B03F1A71982C00B75EAA /* Drawing */,
				1097B0551A71982C00B75EAA /* DrawingTests */,
				1097B03E1A71982C00B75EAA /* Products */,
			);
			sourceTree = "<group>";
		};
		1097B03E1A71982C00B75EAA /* Products */ = {
			isa = PBXGroup;
			children = (
				1097B03D1A71982C00B75EAA /* Drawing.app */,
				1097B0521A71982C00B75EAA /* DrawingTests.xctest */,
			);
			name = Products;
			sourceTree = "<group>";
		};
		1097B03F1A71982C00B75EAA /* Drawing */ = {
			isa = PBXGroup;
			children = (
				1097B0421A71982C00B75EAA /* AppDelegate.swift */,
				1097B0441A71982C00B75EAA /* ViewController.swift */,
				1097B0461A71982C00B75EAA /* Main.storyboard */,
				1097B0491A71982C00B75EAA /* Images.xcassets */,
				1097B04B1A71982C00B75EAA /* LaunchScreen.xib */,
				1097B0401A71982C00B75EAA /* Supporting Files */,
				1097B0621A72988000B75EAA /* DrawableView.swift */,
			);
			path = Drawing;
			sourceTree = "<group>";
		};
		1097B0401A71982C00B75EAA /* Supporting Files */ = {
			isa = PBXGroup;
			children = (
				1097B0411A71982C00B75EAA /* Info.plist */,
			);
			name = "Supporting Files";
			sourceTree = "<group>";
		};
		1097B0551A71982C00B75EAA /* DrawingTests */ = {
			isa = PBXGroup;
			children = (
				1097B0581A71982C00B75EAA /* DrawingTests.swift */,
				1097B0561A71982C00B75EAA /* Supporting Files */,
			);
			path = DrawingTests;
			sourceTree = "<group>";
		};
		1097B0561A71982C00B75EAA /* Supporting Files */ = {
			isa = PBXGroup;
			children = (
				1097B0571A71982C00B75EAA /* Info.plist */,
			);
			name = "Supporting Files";
			sourceTree = "<group>";
		};
/* End PBXGroup section */

/* Begin PBXNativeTarget section */
		1097B03C1A71982C00B75EAA /* Drawing */ = {
			isa = PBXNativeTarget;
			buildConfigurationList = 1097B05C1A71982C00B75EAA /* Build configuration list for PBXNativeTarget "Drawing" */;
			buildPhases = (
				1097B0391A71982C00B75EAA /* Sources */,
				1097B03A1A71982C00B75EAA /* Frameworks */,
				1097B03B1A71982C00B75EAA /* Resources */,
			);
			buildRules = (
			);
			dependencies = (
			);
			name = Drawing;
			productName = Drawing;
			productReference = 1097B03D1A71982C00B75EAA /* Drawing.app */;
			productType = "com.apple.product-type.application";
		};
		1097B0511A71982C00B75EAA /* DrawingTests */ = {
			isa = PBXNativeTarget;
			buildConfigurationList = 1097B05F1A71982C00B75EAA /* Build configuration list for PBXNativeTarget "DrawingTests" */;
			buildPhases = (
				1097B04E1A71982C00B75EAA /* Sources */,
				1097B04F1A71982C00B75EAA /* Frameworks */,
				1097B0501A71982C00B75EAA /* Resources */,
			);
			buildRules = (
			);
			dependencies = (
				1097B0541A71982C00B75EAA /* PBXTargetDependency */,
			);
			name = DrawingTests;
			productName = DrawingTests;
			productReference = 1097B0521A71982C00B75EAA /* DrawingTests.xctest */;
			productType = "com.apple.product-type.bundle.unit-test";
		};
/* End PBXNativeTarget section */

/* Begin PBXProject section */
		1097B0351A71982C00B75EAA /* Project object */ = {
			isa = PBXProject;
			attributes = {
				LastUpgradeCheck = 0610;
				ORGANIZATIONNAME = "Nofel Mahmood";
				TargetAttributes = {
					1097B03C1A71982C00B75EAA = {
						CreatedOnToolsVersion = 6.1.1;
						DevelopmentTeam = UBAKNBA97C;
					};
					1097B0511A71982C00B75EAA = {
						CreatedOnToolsVersion = 6.1.1;
						TestTargetID = 1097B03C1A71982C00B75EAA;
					};
				};
			};
			buildConfigurationList = 1097B0381A71982C00B75EAA /* Build configuration list for PBXProject "Drawing" */;
			compatibilityVersion = "Xcode 3.2";
			developmentRegion = English;
			hasScannedForEncodings = 0;
			knownRegions = (
				en,
				Base,
			);
			mainGroup = 1097B0341A71982B00B75EAA;
			productRefGroup = 1097B03E1A71982C00B75EAA /* Products */;
			projectDirPath = "";
			projectRoot = "";
			targets = (
				1097B03C1A71982C00B75EAA /* Drawing */,
				1097B0511A71982C00B75EAA /* DrawingTests */,
			);
		};
/* End PBXProject section */

/* Begin PBXResourcesBuildPhase section */
		1097B03B1A71982C00B75EAA /* Resources */ = {
			isa = PBXResourcesBuildPhase;
			buildActionMask = 2147483647;
			files = (
				1097B0481A71982C00B75EAA /* Main.storyboard in Resources */,
				1097B04D1A71982C00B75EAA /* LaunchScreen.xib in Resources */,
				1097B04A1A71982C00B75EAA /* Images.xcassets in Resources */,
			);
			runOnlyForDeploymentPostprocessing = 0;
		};
		1097B0501A71982C00B75EAA /* Resources */ = {
			isa = PBXResourcesBuildPhase;
			buildActionMask = 2147483647;
			files = (
			);
			runOnlyForDeploymentPostprocessing = 0;
		};
/* End PBXResourcesBuildPhase section */

/* Begin PBXSourcesBuildPhase section */
		1097B0391A71982C00B75EAA /* Sources */ = {
			isa = PBXSourcesBuildPhase;
			buildActionMask = 2147483647;
			files = (
				1097B0631A72988100B75EAA /* DrawableView.swift in Sources */,
				1097B0451A71982C00B75EAA /* ViewController.swift in Sources */,
				1097B0431A71982C00B75EAA /* AppDelegate.swift in Sources */,
			);
			runOnlyForDeploymentPostprocessing = 0;
		};
		1097B04E1A71982C00B75EAA /* Sources */ = {
			isa = PBXSourcesBuildPhase;
			buildActionMask = 2147483647;
			files = (
				1097B0591A71982C00B75EAA /* DrawingTests.swift in Sources */,
			);
			runOnlyForDeploymentPostprocessing = 0;
		};
/* End PBXSourcesBuildPhase section */

/* Begin PBXTargetDependency section */
		1097B0541A71982C00B75EAA /* PBXTargetDependency */ = {
			isa = PBXTargetDependency;
			target = 1097B03C1A71982C00B75EAA /* Drawing */;
			targetProxy = 1097B0531A71982C00B75EAA /* PBXContainerItemProxy */;
		};
/* End PBXTargetDependency section */

/* Begin PBXVariantGroup section */
		1097B0461A71982C00B75EAA /* Main.storyboard */ = {
			isa = PBXVariantGroup;
			children = (
				1097B0471A71982C00B75EAA /* Base */,
			);
			name = Main.storyboard;
			sourceTree = "<group>";
		};
		1097B04B1A71982C00B75EAA /* LaunchScreen.xib */ = {
			isa = PBXVariantGroup;
			children = (
				1097B04C1A71982C00B75EAA /* Base */,
			);
			name = LaunchScreen.xib;
			sourceTree = "<group>";
		};
/* End PBXVariantGroup section */

/* Begin XCBuildConfiguration section */
		1097B05A1A71982C00B75EAA /* Debug */ = {
			isa = XCBuildConfiguration;
			buildSettings = {
				ALWAYS_SEARCH_USER_PATHS = NO;
				CLANG_CXX_LANGUAGE_STANDARD = "gnu++0x";
				CLANG_CXX_LIBRARY = "libc++";
				CLANG_ENABLE_MODULES = YES;
				CLANG_ENABLE_OBJC_ARC = YES;
				CLANG_WARN_BOOL_CONVERSION = YES;
				CLANG_WARN_CONSTANT_CONVERSION = YES;
				CLANG_WARN_DIRECT_OBJC_ISA_USAGE = YES_ERROR;
				CLANG_WARN_EMPTY_BODY = YES;
				CLANG_WARN_ENUM_CONVERSION = YES;
				CLANG_WARN_INT_CONVERSION = YES;
				CLANG_WARN_OBJC_ROOT_CLASS = YES_ERROR;
				CLANG_WARN_UNREACHABLE_CODE = YES;
				CLANG_WARN__DUPLICATE_METHOD_MATCH = YES;
				"CODE_SIGN_IDENTITY[sdk=iphoneos*]" = "iPhone Developer";
				COPY_PHASE_STRIP = NO;
				ENABLE_STRICT_OBJC_MSGSEND = YES;
				GCC_C_LANGUAGE_STANDARD = gnu99;
				GCC_DYNAMIC_NO_PIC = NO;
				GCC_OPTIMIZATION_LEVEL = 0;
				GCC_PREPROCESSOR_DEFINITIONS = (
					"DEBUG=1",
					"$(inherited)",
				);
				GCC_SYMBOLS_PRIVATE_EXTERN = NO;
				GCC_WARN_64_TO_32_BIT_CONVERSION = YES;
				GCC_WARN_ABOUT_RETURN_TYPE = YES_ERROR;
				GCC_WARN_UNDECLARED_SELECTOR = YES;
				GCC_WARN_UNINITIALIZED_AUTOS = YES_AGGRESSIVE;
				GCC_WARN_UNUSED_FUNCTION = YES;
				GCC_WARN_UNUSED_VARIABLE = YES;
				IPHONEOS_DEPLOYMENT_TARGET = 8.1;
				MTL_ENABLE_DEBUG_INFO = YES;
				ONLY_ACTIVE_ARCH = YES;
				SDKROOT = iphoneos;
				SWIFT_OPTIMIZATION_LEVEL = "-Onone";
				TARGETED_DEVICE_FAMILY = "1,2";
			};
			name = Debug;
		};
		1097B05B1A71982C00B75EAA /* Release */ = {
			isa = XCBuildConfiguration;
			buildSettings = {
				ALWAYS_SEARCH_USER_PATHS = NO;
				CLANG_CXX_LANGUAGE_STANDARD = "gnu++0x";
				CLANG_CXX_LIBRARY = "libc++";
				CLANG_ENABLE_MODULES = YES;
				CLANG_ENABLE_OBJC_ARC = YES;
				CLANG_WARN_BOOL_CONVERSION = YES;
				CLANG_WARN_CONSTANT_CONVERSION = YES;
				CLANG_WARN_DIRECT_OBJC_ISA_USAGE = YES_ERROR;
				CLANG_WARN_EMPTY_BODY = YES;
				CLANG_WARN_ENUM_CONVERSION = YES;
				CLANG_WARN_INT_CONVERSION = YES;
				CLANG_WARN_OBJC_ROOT_CLASS = YES_ERROR;
				CLANG_WARN_UNREACHABLE_CODE = YES;
				CLANG_WARN__DUPLICATE_METHOD_MATCH = YES;
				"CODE_SIGN_IDENTITY[sdk=iphoneos*]" = "iPhone Developer";
				COPY_PHASE_STRIP = YES;
				ENABLE_NS_ASSERTIONS = NO;
				ENABLE_STRICT_OBJC_MSGSEND = YES;
				GCC_C_LANGUAGE_STANDARD = gnu99;
				GCC_WARN_64_TO_32_BIT_CONVERSION = YES;
				GCC_WARN_ABOUT_RETURN_TYPE = YES_ERROR;
				GCC_WARN_UNDECLARED_SELECTOR = YES;
				GCC_WARN_UNINITIALIZED_AUTOS = YES_AGGRESSIVE;
				GCC_WARN_UNUSED_FUNCTION = YES;
				GCC_WARN_UNUSED_VARIABLE = YES;
				IPHONEOS_DEPLOYMENT_TARGET = 8.1;
				MTL_ENABLE_DEBUG_INFO = NO;
				SDKROOT = iphoneos;
				TARGETED_DEVICE_FAMILY = "1,2";
				VALIDATE_PRODUCT = YES;
			};
			name = Release;
		};
		1097B05D1A71982C00B75EAA /* Debug */ = {
			isa = XCBuildConfiguration;
			buildSettings = {
				ASSETCATALOG_COMPILER_APPICON_NAME = AppIcon;
				CODE_SIGN_IDENTITY = "iPhone Developer";
				"CODE_SIGN_IDENTITY[sdk=iphoneos*]" = "iPhone Developer";
				INFOPLIST_FILE = Drawing/Info.plist;
				LD_RUNPATH_SEARCH_PATHS = "$(inherited) @executable_path/Frameworks";
				PRODUCT_NAME = "$(TARGET_NAME)";
				PROVISIONING_PROFILE = "";
			};
			name = Debug;
		};
		1097B05E1A71982C00B75EAA /* Release */ = {
			isa = XCBuildConfiguration;
			buildSettings = {
				ASSETCATALOG_COMPILER_APPICON_NAME = AppIcon;
				CODE_SIGN_IDENTITY = "iPhone Developer";
				"CODE_SIGN_IDENTITY[sdk=iphoneos*]" = "iPhone Developer";
				INFOPLIST_FILE = Drawing/Info.plist;
				LD_RUNPATH_SEARCH_PATHS = "$(inherited) @executable_path/Frameworks";
				PRODUCT_NAME = "$(TARGET_NAME)";
				PROVISIONING_PROFILE = "";
			};
			name = Release;
		};
		1097B0601A71982C00B75EAA /* Debug */ = {
			isa = XCBuildConfiguration;
			buildSettings = {
				BUNDLE_LOADER = "$(TEST_HOST)";
				FRAMEWORK_SEARCH_PATHS = (
					"$(SDKROOT)/Developer/Library/Frameworks",
					"$(inherited)",
				);
				GCC_PREPROCESSOR_DEFINITIONS = (
					"DEBUG=1",
					"$(inherited)",
				);
				INFOPLIST_FILE = DrawingTests/Info.plist;
				LD_RUNPATH_SEARCH_PATHS = "$(inherited) @executable_path/Frameworks @loader_path/Frameworks";
				PRODUCT_NAME = "$(TARGET_NAME)";
				TEST_HOST = "$(BUILT_PRODUCTS_DIR)/Drawing.app/Drawing";
			};
			name = Debug;
		};
		1097B0611A71982C00B75EAA /* Release */ = {
			isa = XCBuildConfiguration;
			buildSettings = {
				BUNDLE_LOADER = "$(TEST_HOST)";
				FRAMEWORK_SEARCH_PATHS = (
					"$(SDKROOT)/Developer/Library/Frameworks",
					"$(inherited)",
				);
				INFOPLIST_FILE = DrawingTests/Info.plist;
				LD_RUNPATH_SEARCH_PATHS = "$(inherited) @executable_path/Frameworks @loader_path/Frameworks";
				PRODUCT_NAME = "$(TARGET_NAME)";
				TEST_HOST = "$(BUILT_PRODUCTS_DIR)/Drawing.app/Drawing";
			};
			name = Release;
		};
/* End XCBuildConfiguration section */

/* Begin XCConfigurationList section */
		1097B0381A71982C00B75EAA /* Build configuration list for PBXProject "Drawing" */ = {
			isa = XCConfigurationList;
			buildConfigurations = (
				1097B05A1A71982C00B75EAA /* Debug */,
				1097B05B1A71982C00B75EAA /* Release */,
			);
			defaultConfigurationIsVisible = 0;
			defaultConfigurationName = Release;
		};
		1097B05C1A71982C00B75EAA /* Build configuration list for PBXNativeTarget "Drawing" */ = {
			isa = XCConfigurationList;
			buildConfigurations = (
				1097B05D1A71982C00B75EAA /* Debug */,
				1097B05E1A71982C00B75EAA /* Release */,
			);
			defaultConfigurationIsVisible = 0;
		};
		1097B05F1A71982C00B75EAA /* Build configuration list for PBXNativeTarget "DrawingTests" */ = {
			isa = XCConfigurationList;
			buildConfigurations = (
				1097B0601A71982C00B75EAA /* Debug */,
				1097B0611A71982C00B75EAA /* Release */,
			);
			defaultConfigurationIsVisible = 0;
		};
/* End XCConfigurationList section */
	};
	rootObject = 1097B0351A71982C00B75EAA /* Project object */;
}
